// !$*UTF8*$!
{
	archiveVersion = 1;
	classes = {
	};
	objectVersion = 46;
	objects = {

/* Begin PBXBuildFile section */
		A492CE2E1ED0393A0064AA23 /* AppDelegate.swift in Sources */ = {isa = PBXBuildFile; fileRef = A492CE2D1ED0393A0064AA23 /* AppDelegate.swift */; };
		A492CE301ED0393A0064AA23 /* ViewController.swift in Sources */ = {isa = PBXBuildFile; fileRef = A492CE2F1ED0393A0064AA23 /* ViewController.swift */; };
		A492CE331ED0393A0064AA23 /* Main.storyboard in Resources */ = {isa = PBXBuildFile; fileRef = A492CE311ED0393A0064AA23 /* Main.storyboard */; };
		A492CE351ED0393A0064AA23 /* Assets.xcassets in Resources */ = {isa = PBXBuildFile; fileRef = A492CE341ED0393A0064AA23 /* Assets.xcassets */; };
		A492CE381ED0393A0064AA23 /* LaunchScreen.storyboard in Resources */ = {isa = PBXBuildFile; fileRef = A492CE361ED0393A0064AA23 /* LaunchScreen.storyboard */; };
/* End PBXBuildFile section */

/* Begin PBXFileReference section */
		A492CE2A1ED0393A0064AA23 /* feeder.app */ = {isa = PBXFileReference; explicitFileType = wrapper.application; includeInIndex = 0; path = feeder.app; sourceTree = BUILT_PRODUCTS_DIR; };
		A492CE2D1ED0393A0064AA23 /* AppDelegate.swift */ = {isa = PBXFileReference; lastKnownFileType = sourcecode.swift; path = AppDelegate.swift; sourceTree = "<group>"; };
		A492CE2F1ED0393A0064AA23 /* ViewController.swift */ = {isa = PBXFileReference; lastKnownFileType = sourcecode.swift; path = ViewController.swift; sourceTree = "<group>"; };
		A492CE321ED0393A0064AA23 /* Base */ = {isa = PBXFileReference; lastKnownFileType = file.storyboard; name = Base; path = Base.lproj/Main.storyboard; sourceTree = "<group>"; };
		A492CE341ED0393A0064AA23 /* Assets.xcassets */ = {isa = PBXFileReference; lastKnownFileType = folder.assetcatalog; path = Assets.xcassets; sourceTree = "<group>"; };
		A492CE371ED0393A0064AA23 /* Base */ = {isa = PBXFileReference; lastKnownFileType = file.storyboard; name = Base; path = Base.lproj/LaunchScreen.storyboard; sourceTree = "<group>"; };
		A492CE391ED0393A0064AA23 /* Info.plist */ = {isa = PBXFileReference; lastKnownFileType = text.plist.xml; path = Info.plist; sourceTree = "<group>"; };
/* End PBXFileReference section */

/* Begin PBXFrameworksBuildPhase section */
		A492CE271ED0393A0064AA23 /* Frameworks */ = {
			isa = PBXFrameworksBuildPhase;
			buildActionMask = 2147483647;
			files = (
			);
			runOnlyForDeploymentPostprocessing = 0;
		};
/* End PBXFrameworksBuildPhase section */

/* Begin PBXGroup section */
		A492CE211ED0393A0064AA23 = {
			isa = PBXGroup;
			children = (
				A492CE2C1ED0393A0064AA23 /* feeder */,
				A492CE2B1ED0393A0064AA23 /* Products */,
			);
			sourceTree = "<group>";
		};
		A492CE2B1ED0393A0064AA23 /* Products */ = {
			isa = PBXGroup;
			children = (
				A492CE2A1ED0393A0064AA23 /* feeder.app */,
			);
			name = Products;
			sourceTree = "<group>";
		};
		A492CE2C1ED0393A0064AA23 /* feeder */ = {
			isa = PBXGroup;
			children = (
				A492CE2D1ED0393A0064AA23 /* AppDelegate.swift */,
				A492CE2F1ED0393A0064AA23 /* ViewController.swift */,
				A492CE311ED0393A0064AA23 /* Main.storyboard */,
				A492CE341ED0393A0064AA23 /* Assets.xcassets */,
				A492CE361ED0393A0064AA23 /* LaunchScreen.storyboard */,
				A492CE391ED0393A0064AA23 /* Info.plist */,
			);
			path = feeder;
			sourceTree = "<group>";
		};
/* End PBXGroup section */

/* Begin PBXNativeTarget section */
		A492CE291ED0393A0064AA23 /* feeder */ = {
			isa = PBXNativeTarget;
			buildConfigurationList = A492CE3C1ED0393A0064AA23 /* Build configuration list for PBXNativeTarget "feeder" */;
			buildPhases = (
				A492CE261ED0393A0064AA23 /* Sources */,
				A492CE271ED0393A0064AA23 /* Frameworks */,
				A492CE281ED0393A0064AA23 /* Resources */,
			);
			buildRules = (
			);
			dependencies = (
			);
			name = feeder;
			productName = feeder;
			productReference = A492CE2A1ED0393A0064AA23 /* feeder.app */;
			productType = "com.apple.product-type.application";
		};
/* End PBXNativeTarget section */

/* Begin PBXProject section */
		A492CE221ED0393A0064AA23 /* Project object */ = {
			isa = PBXProject;
			attributes = {
				LastSwiftUpdateCheck = 0830;
				LastUpgradeCheck = 0830;
				ORGANIZATIONNAME = "Karan Balakrishnan";
				TargetAttributes = {
					A492CE291ED0393A0064AA23 = {
						CreatedOnToolsVersion = 8.3.2;
						DevelopmentTeam = 8LN8HNRS3J;
						ProvisioningStyle = Automatic;
					};
				};
			};
			buildConfigurationList = A492CE251ED0393A0064AA23 /* Build configuration list for PBXProject "feeder" */;
			compatibilityVersion = "Xcode 3.2";
			developmentRegion = English;
			hasScannedForEncodings = 0;
			knownRegions = (
				en,
				Base,
			);
			mainGroup = A492CE211ED0393A0064AA23;
			productRefGroup = A492CE2B1ED0393A0064AA23 /* Products */;
			projectDirPath = "";
			projectRoot = "";
			targets = (
				A492CE291ED0393A0064AA23 /* feeder */,
			);
		};
/* End PBXProject section */

/* Begin PBXResourcesBuildPhase section */
		A492CE281ED0393A0064AA23 /* Resources */ = {
			isa = PBXResourcesBuildPhase;
			buildActionMask = 2147483647;
			files = (
				A492CE381ED0393A0064AA23 /* LaunchScreen.storyboard in Resources */,
				A492CE351ED0393A0064AA23 /* Assets.xcassets in Resources */,
				A492CE331ED0393A0064AA23 /* Main.storyboard in Resources */,
			);
			runOnlyForDeploymentPostprocessing = 0;
		};
/* End PBXResourcesBuildPhase section */

/* Begin PBXSourcesBuildPhase section */
		A492CE261ED0393A0064AA23 /* Sources */ = {
			isa = PBXSourcesBuildPhase;
			buildActionMask = 2147483647;
			files = (
				A492CE301ED0393A0064AA23 /* ViewController.swift in Sources */,
				A492CE2E1ED0393A0064AA23 /* AppDelegate.swift in Sources */,
			);
			runOnlyForDeploymentPostprocessing = 0;
		};
/* End PBXSourcesBuildPhase section */

/* Begin PBXVariantGroup section */
		A492CE311ED0393A0064AA23 /* Main.storyboard */ = {
			isa = PBXVariantGroup;
			children = (
				A492CE321ED0393A0064AA23 /* Base */,
			);
			name = Main.storyboard;
			sourceTree = "<group>";
		};
		A492CE361ED0393A0064AA23 /* LaunchScreen.storyboard */ = {
			isa = PBXVariantGroup;
			children = (
				A492CE371ED0393A0064AA23 /* Base */,
			);
			name = LaunchScreen.storyboard;
			sourceTree = "<group>";
		};
/* End PBXVariantGroup section */

/* Begin XCBuildConfiguration section */
		A492CE3A1ED0393A0064AA23 /* Debug */ = {
			isa = XCBuildConfiguration;
			buildSettings = {
				ALWAYS_SEARCH_USER_PATHS = NO;
				CLANG_ANALYZER_NONNULL = YES;
				CLANG_ANALYZER_NUMBER_OBJECT_CONVERSION = YES_AGGRESSIVE;
				CLANG_CXX_LANGUAGE_STANDARD = "gnu++0x";
				CLANG_CXX_LIBRARY = "libc++";
				CLANG_ENABLE_MODULES = YES;
				CLANG_ENABLE_OBJC_ARC = YES;
				CLANG_WARN_BOOL_CONVERSION = YES;
				CLANG_WARN_CONSTANT_CONVERSION = YES;
				CLANG_WARN_DIRECT_OBJC_ISA_USAGE = YES_ERROR;
				CLANG_WARN_DOCUMENTATION_COMMENTS = YES;
				CLANG_WARN_EMPTY_BODY = YES;
				CLANG_WARN_ENUM_CONVERSION = YES;
				CLANG_WARN_INFINITE_RECURSION = YES;
				CLANG_WARN_INT_CONVERSION = YES;
				CLANG_WARN_OBJC_ROOT_CLASS = YES_ERROR;
				CLANG_WARN_SUSPICIOUS_MOVE = YES;
				CLANG_WARN_UNREACHABLE_CODE = YES;
				CLANG_WARN__DUPLICATE_METHOD_MATCH = YES;
				"CODE_SIGN_IDENTITY[sdk=iphoneos*]" = "iPhone Developer";
				COPY_PHASE_STRIP = NO;
				DEBUG_INFORMATION_FORMAT = dwarf;
				ENABLE_STRICT_OBJC_MSGSEND = YES;
				ENABLE_TESTABILITY = YES;
				GCC_C_LANGUAGE_STANDARD = gnu99;
				GCC_DYNAMIC_NO_PIC = NO;
				GCC_NO_COMMON_BLOCKS = YES;
				GCC_OPTIMIZATION_LEVEL = 0;
				GCC_PREPROCESSOR_DEFINITIONS = (
					"DEBUG=1",
					"$(inherited)",
				);
				GCC_WARN_64_TO_32_BIT_CONVERSION = YES;
				GCC_WARN_ABOUT_RETURN_TYPE = YES_ERROR;
				GCC_WARN_UNDECLARED_SELECTOR = YES;
				GCC_WARN_UNINITIALIZED_AUTOS = YES_AGGRESSIVE;
				GCC_WARN_UNUSED_FUNCTION = YES;
				GCC_WARN_UNUSED_VARIABLE = YES;
				IPHONEOS_DEPLOYMENT_TARGET = 10.3;
				MTL_ENABLE_DEBUG_INFO = YES;
				ONLY_ACTIVE_ARCH = YES;
				SDKROOT = iphoneos;
				SWIFT_ACTIVE_COMPILATION_CONDITIONS = DEBUG;
				SWIFT_OPTIMIZATION_LEVEL = "-Onone";
			};
			name = Debug;
		};
		A492CE3B1ED0393A0064AA23 /* Release */ = {
			isa = XCBuildConfiguration;
			buildSettings = {
				ALWAYS_SEARCH_USER_PATHS = NO;
				CLANG_ANALYZER_NONNULL = YES;
				CLANG_ANALYZER_NUMBER_OBJECT_CONVERSION = YES_AGGRESSIVE;
				CLANG_CXX_LANGUAGE_STANDARD = "gnu++0x";
				CLANG_CXX_LIBRARY = "libc++";
				CLANG_ENABLE_MODULES = YES;
				CLANG_ENABLE_OBJC_ARC = YES;
				CLANG_WARN_BOOL_CONVERSION = YES;
				CLANG_WARN_CONSTANT_CONVERSION = YES;
				CLANG_WARN_DIRECT_OBJC_ISA_USAGE = YES_ERROR;
				CLANG_WARN_DOCUMENTATION_COMMENTS = YES;
				CLANG_WARN_EMPTY_BODY = YES;
				CLANG_WARN_ENUM_CONVERSION = YES;
				CLANG_WARN_INFINITE_RECURSION = YES;
				CLANG_WARN_INT_CONVERSION = YES;
				CLANG_WARN_OBJC_ROOT_CLASS = YES_ERROR;
				CLANG_WARN_SUSPICIOUS_MOVE = YES;
				CLANG_WARN_UNREACHABLE_CODE = YES;
				CLANG_WARN__DUPLICATE_METHOD_MATCH = YES;
				"CODE_SIGN_IDENTITY[sdk=iphoneos*]" = "iPhone Developer";
				COPY_PHASE_STRIP = NO;
				DEBUG_INFORMATION_FORMAT = "dwarf-with-dsym";
				ENABLE_NS_ASSERTIONS = NO;
				ENABLE_STRICT_OBJC_MSGSEND = YES;
				GCC_C_LANGUAGE_STANDARD = gnu99;
				GCC_NO_COMMON_BLOCKS = YES;
				GCC_WARN_64_TO_32_BIT_CONVERSION = YES;
				GCC_WARN_ABOUT_RETURN_TYPE = YES_ERROR;
				GCC_WARN_UNDECLARED_SELECTOR = YES;
				GCC_WARN_UNINITIALIZED_AUTOS = YES_AGGRESSIVE;
				GCC_WARN_UNUSED_FUNCTION = YES;
				GCC_WARN_UNUSED_VARIABLE = YES;
				IPHONEOS_DEPLOYMENT_TARGET = 10.3;
				MTL_ENABLE_DEBUG_INFO = NO;
				SDKROOT = iphoneos;
				SWIFT_OPTIMIZATION_LEVEL = "-Owholemodule";
				VALIDATE_PRODUCT = YES;
			};
			name = Release;
		};
		A492CE3D1ED0393A0064AA23 /* Debug */ = {
			isa = XCBuildConfiguration;
			buildSettings = {
				ASSETCATALOG_COMPILER_APPICON_NAME = AppIcon;
				DEVELOPMENT_TEAM = 8LN8HNRS3J;
				INFOPLIST_FILE = feeder/Info.plist;
				LD_RUNPATH_SEARCH_PATHS = "$(inherited) @executable_path/Frameworks";
				PRODUCT_BUNDLE_IDENTIFIER = com.example.feeder;
				PRODUCT_NAME = "$(TARGET_NAME)";
				SWIFT_VERSION = 3.0;
			};
			name = Debug;
		};
		A492CE3E1ED0393A0064AA23 /* Release */ = {
			isa = XCBuildConfiguration;
			buildSettings = {
				ASSETCATALOG_COMPILER_APPICON_NAME = AppIcon;
				DEVELOPMENT_TEAM = 8LN8HNRS3J;
				INFOPLIST_FILE = feeder/Info.plist;
				LD_RUNPATH_SEARCH_PATHS = "$(inherited) @executable_path/Frameworks";
				PRODUCT_BUNDLE_IDENTIFIER = com.example.feeder;
				PRODUCT_NAME = "$(TARGET_NAME)";
				SWIFT_VERSION = 3.0;
			};
			name = Release;
		};
/* End XCBuildConfiguration section */

/* Begin XCConfigurationList section */
		A492CE251ED0393A0064AA23 /* Build configuration list for PBXProject "feeder" */ = {
			isa = XCConfigurationList;
			buildConfigurations = (
				A492CE3A1ED0393A0064AA23 /* Debug */,
				A492CE3B1ED0393A0064AA23 /* Release */,
			);
			defaultConfigurationIsVisible = 0;
			defaultConfigurationName = Release;
		};
		A492CE3C1ED0393A0064AA23 /* Build configuration list for PBXNativeTarget "feeder" */ = {
			isa = XCConfigurationList;
			buildConfigurations = (
				A492CE3D1ED0393A0064AA23 /* Debug */,
				A492CE3E1ED0393A0064AA23 /* Release */,
			);
			defaultConfigurationIsVisible = 0;
		};
/* End XCConfigurationList section */
	};
	rootObject = A492CE221ED0393A0064AA23 /* Project object */;
}
